
Microsoft Visual Studio Solution File, Format Version 12.00
# Visual Studio Version 16
VisualStudioVersion = 16.0.31205.134
MinimumVisualStudioVersion = 10.0.40219.1
Project("{888888A0-9F3D-457C-B088-3A5042F75D52}") = "analyzePrograms", "gradebookINITIAL\analyzePrograms.pyproj", "{97F7381C-DAD7-41C8-A138-7FE56B0FDF5A}"
EndProject
Global
	GlobalSection(SolutionConfigurationPlatforms) = preSolution
		Debug|Any CPU = Debug|Any CPU
		Release|Any CPU = Release|Any CPU
	EndGlobalSection
	GlobalSection(ProjectConfigurationPlatforms) = postSolution
		{97F7381C-DAD7-41C8-A138-7FE56B0FDF5A}.Debug|Any CPU.ActiveCfg = Debug|Any CPU
		{97F7381C-DAD7-41C8-A138-7FE56B0FDF5A}.Release|Any CPU.ActiveCfg = Release|Any CPU
	EndGlobalSection
	GlobalSection(SolutionProperties) = preSolution
		HideSolutionNode = FALSE
	EndGlobalSection
	GlobalSection(ExtensibilityGlobals) = postSolution
		SolutionGuid = {46DC09A7-F272-472F-AADA-73A167A927BA}
	EndGlobalSection
EndGlobal
